
Microsoft Visual Studio Solution File, Format Version 12.00
# Visual Studio Version 17
VisualStudioVersion = 17.5.002.0
MinimumVisualStudioVersion = 10.0.40219.1
Project("{9A19103F-16F7-4668-BE54-9A1E7A4F7556}") = "ContosoPizza", "ContosoPizza\ContosoPizza.csproj", "{EC1F7F9E-9D27-4125-9D3D-B9092DA09E05}"
EndProject
Global
	GlobalSection(SolutionConfigurationPlatforms) = preSolution
		Debug|Any CPU = Debug|Any CPU
		Release|Any CPU = Release|Any CPU
	EndGlobalSection
	GlobalSection(ProjectConfigurationPlatforms) = postSolution
		{EC1F7F9E-9D27-4125-9D3D-B9092DA09E05}.Debug|Any CPU.ActiveCfg = Debug|Any CPU
		{EC1F7F9E-9D27-4125-9D3D-B9092DA09E05}.Debug|Any CPU.Build.0 = Debug|Any CPU
		{EC1F7F9E-9D27-4125-9D3D-B9092DA09E05}.Release|Any CPU.ActiveCfg = Release|Any CPU
		{EC1F7F9E-9D27-4125-9D3D-B9092DA09E05}.Release|Any CPU.Build.0 = Release|Any CPU
	EndGlobalSection
	GlobalSection(SolutionProperties) = preSolution
		HideSolutionNode = FALSE
	EndGlobalSection
	GlobalSection(ExtensibilityGlobals) = postSolution
		SolutionGuid = {1281229A-13BF-4045-A50C-6E9276F625E4}
	EndGlobalSection
EndGlobal
